
Microsoft Visual Studio Solution File, Format Version 12.00
# Visual Studio Version 16
VisualStudioVersion = 16.0.30011.22
MinimumVisualStudioVersion = 10.0.40219.1
Project("{FAE04EC0-301F-11D3-BF4B-00C04F79EFBC}") = "COMP7211Assignment2.UWP", "COMP7211Assignment2.UWP\COMP7211Assignment2.UWP.csproj", "{7D003D38-639E-4DCD-840B-F63DA070C4B4}"
EndProject
Project("{FAE04EC0-301F-11D3-BF4B-00C04F79EFBC}") = "COMP7211Assignment2.Android", "COMP7211Assignment2.Android\COMP7211Assignment2.Android.csproj", "{A1130D38-2BC7-449A-AD23-D177B466F895}"
EndProject
Project("{FAE04EC0-301F-11D3-BF4B-00C04F79EFBC}") = "COMP7211Assignment2.iOS", "COMP7211Assignment2.iOS\COMP7211Assignment2.iOS.csproj", "{281B085E-D2C3-4D65-AA76-89FBB8BDC662}"
EndProject
Project("{9A19103F-16F7-4668-BE54-9A1E7A4F7556}") = "COMP7211Assignment2", "COMP7211Assignment2\COMP7211Assignment2.csproj", "{462D4FF8-F700-49F2-B238-74BCF96DC6BD}"
EndProject
Global
	GlobalSection(SolutionConfigurationPlatforms) = preSolution
		Debug|Any CPU = Debug|Any CPU
		Debug|ARM = Debug|ARM
		Debug|iPhone = Debug|iPhone
		Debug|iPhoneSimulator = Debug|iPhoneSimulator
		Debug|x64 = Debug|x64
		Debug|x86 = Debug|x86
		Release|Any CPU = Release|Any CPU
		Release|ARM = Release|ARM
		Release|iPhone = Release|iPhone
		Release|iPhoneSimulator = Release|iPhoneSimulator
		Release|x64 = Release|x64
		Release|x86 = Release|x86
	EndGlobalSection
	GlobalSection(ProjectConfigurationPlatforms) = postSolution
		{7D003D38-639E-4DCD-840B-F63DA070C4B4}.Debug|Any CPU.ActiveCfg = Debug|x86
		{7D003D38-639E-4DCD-840B-F63DA070C4B4}.Debug|Any CPU.Build.0 = Debug|x86
		{7D003D38-639E-4DCD-840B-F63DA070C4B4}.Debug|Any CPU.Deploy.0 = Debug|x86
		{7D003D38-639E-4DCD-840B-F63DA070C4B4}.Debug|ARM.ActiveCfg = Debug|ARM
		{7D003D38-639E-4DCD-840B-F63DA070C4B4}.Debug|ARM.Build.0 = Debug|ARM
		{7D003D38-639E-4DCD-840B-F63DA070C4B4}.Debug|ARM.Deploy.0 = Debug|ARM
		{7D003D38-639E-4DCD-840B-F63DA070C4B4}.Debug|iPhone.ActiveCfg = Debug|x86
		{7D003D38-639E-4DCD-840B-F63DA070C4B4}.Debug|iPhone.Build.0 = Debug|x86
		{7D003D38-639E-4DCD-840B-F63DA070C4B4}.Debug|iPhone.Deploy.0 = Debug|x86
		{7D003D38-639E-4DCD-840B-F63DA070C4B4}.Debug|iPhoneSimulator.ActiveCfg = Debug|x86
		{7D003D38-639E-4DCD-840B-F63DA070C4B4}.Debug|iPhoneSimulator.Build.0 = Debug|x86
		{7D003D38-639E-4DCD-840B-F63DA070C4B4}.Debug|iPhoneSimulator.Deploy.0 = Debug|x86
		{7D003D38-639E-4DCD-840B-F63DA070C4B4}.Debug|x64.ActiveCfg = Debug|x64
		{7D003D38-639E-4DCD-840B-F63DA070C4B4}.Debug|x64.Build.0 = Debug|x64
		{7D003D38-639E-4DCD-840B-F63DA070C4B4}.Debug|x64.Deploy.0 = Debug|x64
		{7D003D38-639E-4DCD-840B-F63DA070C4B4}.Debug|x86.ActiveCfg = Debug|x86
		{7D003D38-639E-4DCD-840B-F63DA070C4B4}.Debug|x86.Build.0 = Debug|x86
		{7D003D38-639E-4DCD-840B-F63DA070C4B4}.Debug|x86.Deploy.0 = Debug|x86
		{7D003D38-639E-4DCD-840B-F63DA070C4B4}.Release|Any CPU.ActiveCfg = Release|x86
		{7D003D38-639E-4DCD-840B-F63DA070C4B4}.Release|Any CPU.Build.0 = Release|x86
		{7D003D38-639E-4DCD-840B-F63DA070C4B4}.Release|Any CPU.Deploy.0 = Release|x86
		{7D003D38-639E-4DCD-840B-F63DA070C4B4}.Release|ARM.ActiveCfg = Release|ARM
		{7D003D38-639E-4DCD-840B-F63DA070C4B4}.Release|ARM.Build.0 = Release|ARM
		{7D003D38-639E-4DCD-840B-F63DA070C4B4}.Release|ARM.Deploy.0 = Release|ARM
		{7D003D38-639E-4DCD-840B-F63DA070C4B4}.Release|iPhone.ActiveCfg = Release|x86
		{7D003D38-639E-4DCD-840B-F63DA070C4B4}.Release|iPhone.Build.0 = Release|x86
		{7D003D38-639E-4DCD-840B-F63DA070C4B4}.Release|iPhone.Deploy.0 = Release|x86
		{7D003D38-639E-4DCD-840B-F63DA070C4B4}.Release|iPhoneSimulator.ActiveCfg = Release|x86
		{7D003D38-639E-4DCD-840B-F63DA070C4B4}.Release|iPhoneSimulator.Build.0 = Release|x86
		{7D003D38-639E-4DCD-840B-F63DA070C4B4}.Release|iPhoneSimulator.Deploy.0 = Release|x86
		{7D003D38-639E-4DCD-840B-F63DA070C4B4}.Release|x64.ActiveCfg = Release|x64
		{7D003D38-639E-4DCD-840B-F63DA070C4B4}.Release|x64.Build.0 = Release|x64
		{7D003D38-639E-4DCD-840B-F63DA070C4B4}.Release|x64.Deploy.0 = Release|x64
		{7D003D38-639E-4DCD-840B-F63DA070C4B4}.Release|x86.ActiveCfg = Release|x86
		{7D003D38-639E-4DCD-840B-F63DA070C4B4}.Release|x86.Build.0 = Release|x86
		{7D003D38-639E-4DCD-840B-F63DA070C4B4}.Release|x86.Deploy.0 = Release|x86
		{A1130D38-2BC7-449A-AD23-D177B466F895}.Debug|Any CPU.ActiveCfg = Debug|Any CPU
		{A1130D38-2BC7-449A-AD23-D177B466F895}.Debug|Any CPU.Build.0 = Debug|Any CPU
		{A1130D38-2BC7-449A-AD23-D177B466F895}.Debug|Any CPU.Deploy.0 = Debug|Any CPU
		{A1130D38-2BC7-449A-AD23-D177B466F895}.Debug|ARM.ActiveCfg = Debug|Any CPU
		{A1130D38-2BC7-449A-AD23-D177B466F895}.Debug|ARM.Build.0 = Debug|Any CPU
		{A1130D38-2BC7-449A-AD23-D177B466F895}.Debug|ARM.Deploy.0 = Debug|Any CPU
		{A1130D38-2BC7-449A-AD23-D177B466F895}.Debug|iPhone.ActiveCfg = Debug|Any CPU
		{A1130D38-2BC7-449A-AD23-D177B466F895}.Debug|iPhone.Build.0 = Debug|Any CPU
		{A1130D38-2BC7-449A-AD23-D177B466F895}.Debug|iPhone.Deploy.0 = Debug|Any CPU
		{A1130D38-2BC7-449A-AD23-D177B466F895}.Debug|iPhoneSimulator.ActiveCfg = Debug|Any CPU
		{A1130D38-2BC7-449A-AD23-D177B466F895}.Debug|iPhoneSimulator.Build.0 = Debug|Any CPU
		{A1130D38-2BC7-449A-AD23-D177B466F895}.Debug|iPhoneSimulator.Deploy.0 = Debug|Any CPU
		{A1130D38-2BC7-449A-AD23-D177B466F895}.Debug|x64.ActiveCfg = Debug|Any CPU
		{A1130D38-2BC7-449A-AD23-D177B466F895}.Debug|x64.Build.0 = Debug|Any CPU
		{A1130D38-2BC7-449A-AD23-D177B466F895}.Debug|x64.Deploy.0 = Debug|Any CPU
		{A1130D38-2BC7-449A-AD23-D177B466F895}.Debug|x86.ActiveCfg = Debug|Any CPU
		{A1130D38-2BC7-449A-AD23-D177B466F895}.Debug|x86.Build.0 = Debug|Any CPU
		{A1130D38-2BC7-449A-AD23-D177B466F895}.Debug|x86.Deploy.0 = Debug|Any CPU
		{A1130D38-2BC7-449A-AD23-D177B466F895}.Release|Any CPU.ActiveCfg = Release|Any CPU
		{A1130D38-2BC7-449A-AD23-D177B466F895}.Release|Any CPU.Build.0 = Release|Any CPU
		{A1130D38-2BC7-449A-AD23-D177B466F895}.Release|Any CPU.Deploy.0 = Release|Any CPU
		{A1130D38-2BC7-449A-AD23-D177B466F895}.Release|ARM.ActiveCfg = Release|Any CPU
		{A1130D38-2BC7-449A-AD23-D177B466F895}.Release|ARM.Build.0 = Release|Any CPU
		{A1130D38-2BC7-449A-AD23-D177B466F895}.Release|ARM.Deploy.0 = Release|Any CPU
		{A1130D38-2BC7-449A-AD23-D177B466F895}.Release|iPhone.ActiveCfg = Release|Any CPU
		{A1130D38-2BC7-449A-AD23-D177B466F895}.Release|iPhone.Build.0 = Release|Any CPU
		{A1130D38-2BC7-449A-AD23-D177B466F895}.Release|iPhone.Deploy.0 = Release|Any CPU
		{A1130D38-2BC7-449A-AD23-D177B466F895}.Release|iPhoneSimulator.ActiveCfg = Release|Any CPU
		{A1130D38-2BC7-449A-AD23-D177B466F895}.Release|iPhoneSimulator.Build.0 = Release|Any CPU
		{A1130D38-2BC7-449A-AD23-D177B466F895}.Release|iPhoneSimulator.Deploy.0 = Release|Any CPU
		{A1130D38-2BC7-449A-AD23-D177B466F895}.Release|x64.ActiveCfg = Release|Any CPU
		{A1130D38-2BC7-449A-AD23-D177B466F895}.Release|x64.Build.0 = Release|Any CPU
		{A1130D38-2BC7-449A-AD23-D177B466F895}.Release|x64.Deploy.0 = Release|Any CPU
		{A1130D38-2BC7-449A-AD23-D177B466F895}.Release|x86.ActiveCfg = Release|Any CPU
		{A1130D38-2BC7-449A-AD23-D177B466F895}.Release|x86.Build.0 = Release|Any CPU
		{A1130D38-2BC7-449A-AD23-D177B466F895}.Release|x86.Deploy.0 = Release|Any CPU
		{281B085E-D2C3-4D65-AA76-89FBB8BDC662}.Debug|Any CPU.ActiveCfg = Debug|iPhone
		{281B085E-D2C3-4D65-AA76-89FBB8BDC662}.Debug|Any CPU.Build.0 = Debug|iPhone
		{281B085E-D2C3-4D65-AA76-89FBB8BDC662}.Debug|Any CPU.Deploy.0 = Debug|iPhone
		{281B085E-D2C3-4D65-AA76-89FBB8BDC662}.Debug|ARM.ActiveCfg = Debug|iPhone
		{281B085E-D2C3-4D65-AA76-89FBB8BDC662}.Debug|ARM.Build.0 = Debug|iPhone
		{281B085E-D2C3-4D65-AA76-89FBB8BDC662}.Debug|ARM.Deploy.0 = Debug|iPhone
		{281B085E-D2C3-4D65-AA76-89FBB8BDC662}.Debug|iPhone.ActiveCfg = Debug|iPhone
		{281B085E-D2C3-4D65-AA76-89FBB8BDC662}.Debug|iPhone.Build.0 = Debug|iPhone
		{281B085E-D2C3-4D65-AA76-89FBB8BDC662}.Debug|iPhone.Deploy.0 = Debug|iPhone
		{281B085E-D2C3-4D65-AA76-89FBB8BDC662}.Debug|iPhoneSimulator.ActiveCfg = Debug|iPhoneSimulator
		{281B085E-D2C3-4D65-AA76-89FBB8BDC662}.Debug|iPhoneSimulator.Build.0 = Debug|iPhoneSimulator
		{281B085E-D2C3-4D65-AA76-89FBB8BDC662}.Debug|iPhoneSimulator.Deploy.0 = Debug|iPhoneSimulator
		{281B085E-D2C3-4D65-AA76-89FBB8BDC662}.Debug|x64.ActiveCfg = Debug|iPhone
		{281B085E-D2C3-4D65-AA76-89FBB8BDC662}.Debug|x64.Build.0 = Debug|iPhone
		{281B085E-D2C3-4D65-AA76-89FBB8BDC662}.Debug|x64.Deploy.0 = Debug|iPhone
		{281B085E-D2C3-4D65-AA76-89FBB8BDC662}.Debug|x86.ActiveCfg = Debug|iPhone
		{281B085E-D2C3-4D65-AA76-89FBB8BDC662}.Debug|x86.Build.0 = Debug|iPhone
		{281B085E-D2C3-4D65-AA76-89FBB8BDC662}.Debug|x86.Deploy.0 = Debug|iPhone
		{281B085E-D2C3-4D65-AA76-89FBB8BDC662}.Release|Any CPU.ActiveCfg = Release|iPhone
		{281B085E-D2C3-4D65-AA76-89FBB8BDC662}.Release|Any CPU.Build.0 = Release|iPhone
		{281B085E-D2C3-4D65-AA76-89FBB8BDC662}.Release|Any CPU.Deploy.0 = Release|iPhone
		{281B085E-D2C3-4D65-AA76-89FBB8BDC662}.Release|ARM.ActiveCfg = Release|iPhone
		{281B085E-D2C3-4D65-AA76-89FBB8BDC662}.Release|ARM.Build.0 = Release|iPhone
		{281B085E-D2C3-4D65-AA76-89FBB8BDC662}.Release|ARM.Deploy.0 = Release|iPhone
		{281B085E-D2C3-4D65-AA76-89FBB8BDC662}.Release|iPhone.ActiveCfg = Release|iPhone
		{281B085E-D2C3-4D65-AA76-89FBB8BDC662}.Release|iPhone.Build.0 = Release|iPhone
		{281B085E-D2C3-4D65-AA76-89FBB8BDC662}.Release|iPhone.Deploy.0 = Release|iPhone
		{281B085E-D2C3-4D65-AA76-89FBB8BDC662}.Release|iPhoneSimulator.ActiveCfg = Release|iPhoneSimulator
		{281B085E-D2C3-4D65-AA76-89FBB8BDC662}.Release|iPhoneSimulator.Build.0 = Release|iPhoneSimulator
		{281B085E-D2C3-4D65-AA76-89FBB8BDC662}.Release|iPhoneSimulator.Deploy.0 = Release|iPhoneSimulator
		{281B085E-D2C3-4D65-AA76-89FBB8BDC662}.Release|x64.ActiveCfg = Release|iPhone
		{281B085E-D2C3-4D65-AA76-89FBB8BDC662}.Release|x64.Build.0 = Release|iPhone
		{281B085E-D2C3-4D65-AA76-89FBB8BDC662}.Release|x64.Deploy.0 = Release|iPhone
		{281B085E-D2C3-4D65-AA76-89FBB8BDC662}.Release|x86.ActiveCfg = Release|iPhone
		{281B085E-D2C3-4D65-AA76-89FBB8BDC662}.Release|x86.Build.0 = Release|iPhone
		{281B085E-D2C3-4D65-AA76-89FBB8BDC662}.Release|x86.Deploy.0 = Release|iPhone
		{462D4FF8-F700-49F2-B238-74BCF96DC6BD}.Debug|Any CPU.ActiveCfg = Debug|Any CPU
		{462D4FF8-F700-49F2-B238-74BCF96DC6BD}.Debug|Any CPU.Build.0 = Debug|Any CPU
		{462D4FF8-F700-49F2-B238-74BCF96DC6BD}.Debug|Any CPU.Deploy.0 = Debug|Any CPU
		{462D4FF8-F700-49F2-B238-74BCF96DC6BD}.Debug|ARM.ActiveCfg = Debug|Any CPU
		{462D4FF8-F700-49F2-B238-74BCF96DC6BD}.Debug|ARM.Build.0 = Debug|Any CPU
		{462D4FF8-F700-49F2-B238-74BCF96DC6BD}.Debug|ARM.Deploy.0 = Debug|Any CPU
		{462D4FF8-F700-49F2-B238-74BCF96DC6BD}.Debug|iPhone.ActiveCfg = Debug|Any CPU
		{462D4FF8-F700-49F2-B238-74BCF96DC6BD}.Debug|iPhone.Build.0 = Debug|Any CPU
		{462D4FF8-F700-49F2-B238-74BCF96DC6BD}.Debug|iPhone.Deploy.0 = Debug|Any CPU
		{462D4FF8-F700-49F2-B238-74BCF96DC6BD}.Debug|iPhoneSimulator.ActiveCfg = Debug|Any CPU
		{462D4FF8-F700-49F2-B238-74BCF96DC6BD}.Debug|iPhoneSimulator.Build.0 = Debug|Any CPU
		{462D4FF8-F700-49F2-B238-74BCF96DC6BD}.Debug|iPhoneSimulator.Deploy.0 = Debug|Any CPU
		{462D4FF8-F700-49F2-B238-74BCF96DC6BD}.Debug|x64.ActiveCfg = Debug|Any CPU
		{462D4FF8-F700-49F2-B238-74BCF96DC6BD}.Debug|x64.Build.0 = Debug|Any CPU
		{462D4FF8-F700-49F2-B238-74BCF96DC6BD}.Debug|x64.Deploy.0 = Debug|Any CPU
		{462D4FF8-F700-49F2-B238-74BCF96DC6BD}.Debug|x86.ActiveCfg = Debug|Any CPU
		{462D4FF8-F700-49F2-B238-74BCF96DC6BD}.Debug|x86.Build.0 = Debug|Any CPU
		{462D4FF8-F700-49F2-B238-74BCF96DC6BD}.Debug|x86.Deploy.0 = Debug|Any CPU
		{462D4FF8-F700-49F2-B238-74BCF96DC6BD}.Release|Any CPU.ActiveCfg = Release|Any CPU
		{462D4FF8-F700-49F2-B238-74BCF96DC6BD}.Release|Any CPU.Build.0 = Release|Any CPU
		{462D4FF8-F700-49F2-B238-74BCF96DC6BD}.Release|Any CPU.Deploy.0 = Release|Any CPU
		{462D4FF8-F700-49F2-B238-74BCF96DC6BD}.Release|ARM.ActiveCfg = Release|Any CPU
		{462D4FF8-F700-49F2-B238-74BCF96DC6BD}.Release|ARM.Build.0 = Release|Any CPU
		{462D4FF8-F700-49F2-B238-74BCF96DC6BD}.Release|ARM.Deploy.0 = Release|Any CPU
		{462D4FF8-F700-49F2-B238-74BCF96DC6BD}.Release|iPhone.ActiveCfg = Release|Any CPU
		{462D4FF8-F700-49F2-B238-74BCF96DC6BD}.Release|iPhone.Build.0 = Release|Any CPU
		{462D4FF8-F700-49F2-B238-74BCF96DC6BD}.Release|iPhone.Deploy.0 = Release|Any CPU
		{462D4FF8-F700-49F2-B238-74BCF96DC6BD}.Release|iPhoneSimulator.ActiveCfg = Release|Any CPU
		{462D4FF8-F700-49F2-B238-74BCF96DC6BD}.Release|iPhoneSimulator.Build.0 = Release|Any CPU
		{462D4FF8-F700-49F2-B238-74BCF96DC6BD}.Release|iPhoneSimulator.Deploy.0 = Release|Any CPU
		{462D4FF8-F700-49F2-B238-74BCF96DC6BD}.Release|x64.ActiveCfg = Release|Any CPU
		{462D4FF8-F700-49F2-B238-74BCF96DC6BD}.Release|x64.Build.0 = Release|Any CPU
		{462D4FF8-F700-49F2-B238-74BCF96DC6BD}.Release|x64.Deploy.0 = Release|Any CPU
		{462D4FF8-F700-49F2-B238-74BCF96DC6BD}.Release|x86.ActiveCfg = Release|Any CPU
		{462D4FF8-F700-49F2-B238-74BCF96DC6BD}.Release|x86.Build.0 = Release|Any CPU
		{462D4FF8-F700-49F2-B238-74BCF96DC6BD}.Release|x86.Deploy.0 = Release|Any CPU
	EndGlobalSection
	GlobalSection(SolutionProperties) = preSolution
		HideSolutionNode = FALSE
	EndGlobalSection
	GlobalSection(ExtensibilityGlobals) = postSolution
		SolutionGuid = {C8366F88-BB3D-4F1F-A740-89F582A9D2F7}
	EndGlobalSection
EndGlobal
